// !$*UTF8*$!
{
	archiveVersion = 1;
	classes = {
	};
	objectVersion = 46;
	objects = {

/* Begin PBXBuildFile section */
		A40E43A218CBAE6300425BBA /* Localizable.stringsdict in Resources */ = {isa = PBXBuildFile; fileRef = A40E43A418CBAE6300425BBA /* Localizable.stringsdict */; };
		A440FD8718CB9425003EAF24 /* Localizable.strings in Resources */ = {isa = PBXBuildFile; fileRef = A440FD8518CB9425003EAF24 /* Localizable.strings */; };
		A4F6248718CB937300CA25FC /* Foundation.framework in Frameworks */ = {isa = PBXBuildFile; fileRef = A4F6248618CB937300CA25FC /* Foundation.framework */; };
		A4F6248918CB937300CA25FC /* CoreGraphics.framework in Frameworks */ = {isa = PBXBuildFile; fileRef = A4F6248818CB937300CA25FC /* CoreGraphics.framework */; };
		A4F6248B18CB937300CA25FC /* UIKit.framework in Frameworks */ = {isa = PBXBuildFile; fileRef = A4F6248A18CB937300CA25FC /* UIKit.framework */; };
		A4F6249118CB937300CA25FC /* InfoPlist.strings in Resources */ = {isa = PBXBuildFile; fileRef = A4F6248F18CB937300CA25FC /* InfoPlist.strings */; };
		A4F6249318CB937300CA25FC /* main.m in Sources */ = {isa = PBXBuildFile; fileRef = A4F6249218CB937300CA25FC /* main.m */; };
		A4F6249718CB937300CA25FC /* TWTAppDelegate.m in Sources */ = {isa = PBXBuildFile; fileRef = A4F6249618CB937300CA25FC /* TWTAppDelegate.m */; };
		A4F6249A18CB937300CA25FC /* Main.storyboard in Resources */ = {isa = PBXBuildFile; fileRef = A4F6249818CB937300CA25FC /* Main.storyboard */; };
		A4F6249D18CB937300CA25FC /* TWTViewController.m in Sources */ = {isa = PBXBuildFile; fileRef = A4F6249C18CB937300CA25FC /* TWTViewController.m */; };
		A4F6249F18CB937300CA25FC /* Images.xcassets in Resources */ = {isa = PBXBuildFile; fileRef = A4F6249E18CB937300CA25FC /* Images.xcassets */; };
/* End PBXBuildFile section */

/* Begin PBXFileReference section */
		A40E43A318CBAE6300425BBA /* en */ = {isa = PBXFileReference; lastKnownFileType = text.xml; name = en; path = en.lproj/Localizable.stringsdict; sourceTree = "<group>"; };
		A440FD8618CB9425003EAF24 /* en */ = {isa = PBXFileReference; lastKnownFileType = text.plist.strings; name = en; path = en.lproj/Localizable.strings; sourceTree = "<group>"; };
		A4F6248318CB937300CA25FC /* LocalizeTesting.app */ = {isa = PBXFileReference; explicitFileType = wrapper.application; includeInIndex = 0; path = LocalizeTesting.app; sourceTree = BUILT_PRODUCTS_DIR; };
		A4F6248618CB937300CA25FC /* Foundation.framework */ = {isa = PBXFileReference; lastKnownFileType = wrapper.framework; name = Foundation.framework; path = System/Library/Frameworks/Foundation.framework; sourceTree = SDKROOT; };
		A4F6248818CB937300CA25FC /* CoreGraphics.framework */ = {isa = PBXFileReference; lastKnownFileType = wrapper.framework; name = CoreGraphics.framework; path = System/Library/Frameworks/CoreGraphics.framework; sourceTree = SDKROOT; };
		A4F6248A18CB937300CA25FC /* UIKit.framework */ = {isa = PBXFileReference; lastKnownFileType = wrapper.framework; name = UIKit.framework; path = System/Library/Frameworks/UIKit.framework; sourceTree = SDKROOT; };
		A4F6248E18CB937300CA25FC /* LocalizeTesting-Info.plist */ = {isa = PBXFileReference; lastKnownFileType = text.plist.xml; path = "LocalizeTesting-Info.plist"; sourceTree = "<group>"; };
		A4F6249018CB937300CA25FC /* en */ = {isa = PBXFileReference; lastKnownFileType = text.plist.strings; name = en; path = en.lproj/InfoPlist.strings; sourceTree = "<group>"; };
		A4F6249218CB937300CA25FC /* main.m */ = {isa = PBXFileReference; lastKnownFileType = sourcecode.c.objc; path = main.m; sourceTree = "<group>"; };
		A4F6249418CB937300CA25FC /* LocalizeTesting-Prefix.pch */ = {isa = PBXFileReference; lastKnownFileType = sourcecode.c.h; path = "LocalizeTesting-Prefix.pch"; sourceTree = "<group>"; };
		A4F6249518CB937300CA25FC /* TWTAppDelegate.h */ = {isa = PBXFileReference; lastKnownFileType = sourcecode.c.h; path = TWTAppDelegate.h; sourceTree = "<group>"; };
		A4F6249618CB937300CA25FC /* TWTAppDelegate.m */ = {isa = PBXFileReference; lastKnownFileType = sourcecode.c.objc; path = TWTAppDelegate.m; sourceTree = "<group>"; };
		A4F6249918CB937300CA25FC /* Base */ = {isa = PBXFileReference; lastKnownFileType = file.storyboard; name = Base; path = Base.lproj/Main.storyboard; sourceTree = "<group>"; };
		A4F6249B18CB937300CA25FC /* TWTViewController.h */ = {isa = PBXFileReference; lastKnownFileType = sourcecode.c.h; path = TWTViewController.h; sourceTree = "<group>"; };
		A4F6249C18CB937300CA25FC /* TWTViewController.m */ = {isa = PBXFileReference; lastKnownFileType = sourcecode.c.objc; path = TWTViewController.m; sourceTree = "<group>"; };
		A4F6249E18CB937300CA25FC /* Images.xcassets */ = {isa = PBXFileReference; lastKnownFileType = folder.assetcatalog; path = Images.xcassets; sourceTree = "<group>"; };
		A4F624A518CB937300CA25FC /* XCTest.framework */ = {isa = PBXFileReference; lastKnownFileType = wrapper.framework; name = XCTest.framework; path = Library/Frameworks/XCTest.framework; sourceTree = DEVELOPER_DIR; };
/* End PBXFileReference section */

/* Begin PBXFrameworksBuildPhase section */
		A4F6248018CB937300CA25FC /* Frameworks */ = {
			isa = PBXFrameworksBuildPhase;
			buildActionMask = 2147483647;
			files = (
				A4F6248918CB937300CA25FC /* CoreGraphics.framework in Frameworks */,
				A4F6248B18CB937300CA25FC /* UIKit.framework in Frameworks */,
				A4F6248718CB937300CA25FC /* Foundation.framework in Frameworks */,
			);
			runOnlyForDeploymentPostprocessing = 0;
		};
/* End PBXFrameworksBuildPhase section */

/* Begin PBXGroup section */
		A4F6247A18CB937300CA25FC = {
			isa = PBXGroup;
			children = (
				A4F6248C18CB937300CA25FC /* LocalizeTesting */,
				A4F6248518CB937300CA25FC /* Frameworks */,
				A4F6248418CB937300CA25FC /* Products */,
			);
			sourceTree = "<group>";
		};
		A4F6248418CB937300CA25FC /* Products */ = {
			isa = PBXGroup;
			children = (
				A4F6248318CB937300CA25FC /* LocalizeTesting.app */,
			);
			name = Products;
			sourceTree = "<group>";
		};
		A4F6248518CB937300CA25FC /* Frameworks */ = {
			isa = PBXGroup;
			children = (
				A4F6248618CB937300CA25FC /* Foundation.framework */,
				A4F6248818CB937300CA25FC /* CoreGraphics.framework */,
				A4F6248A18CB937300CA25FC /* UIKit.framework */,
				A4F624A518CB937300CA25FC /* XCTest.framework */,
			);
			name = Frameworks;
			sourceTree = "<group>";
		};
		A4F6248C18CB937300CA25FC /* LocalizeTesting */ = {
			isa = PBXGroup;
			children = (
				A4F6249518CB937300CA25FC /* TWTAppDelegate.h */,
				A4F6249618CB937300CA25FC /* TWTAppDelegate.m */,
				A4F6249818CB937300CA25FC /* Main.storyboard */,
				A4F6249B18CB937300CA25FC /* TWTViewController.h */,
				A4F6249C18CB937300CA25FC /* TWTViewController.m */,
				A4F6249E18CB937300CA25FC /* Images.xcassets */,
				A4F6248D18CB937300CA25FC /* Supporting Files */,
			);
			path = LocalizeTesting;
			sourceTree = "<group>";
		};
		A4F6248D18CB937300CA25FC /* Supporting Files */ = {
			isa = PBXGroup;
			children = (
				A4F6248E18CB937300CA25FC /* LocalizeTesting-Info.plist */,
				A4F6248F18CB937300CA25FC /* InfoPlist.strings */,
				A4F6249218CB937300CA25FC /* main.m */,
				A4F6249418CB937300CA25FC /* LocalizeTesting-Prefix.pch */,
				A440FD8518CB9425003EAF24 /* Localizable.strings */,
				A40E43A418CBAE6300425BBA /* Localizable.stringsdict */,
			);
			name = "Supporting Files";
			sourceTree = "<group>";
		};
/* End PBXGroup section */

/* Begin PBXNativeTarget section */
		A4F6248218CB937300CA25FC /* LocalizeTesting */ = {
			isa = PBXNativeTarget;
			buildConfigurationList = A4F624B518CB937300CA25FC /* Build configuration list for PBXNativeTarget "LocalizeTesting" */;
			buildPhases = (
				A4F6247F18CB937300CA25FC /* Sources */,
				A4F6248018CB937300CA25FC /* Frameworks */,
				A4F6248118CB937300CA25FC /* Resources */,
			);
			buildRules = (
			);
			dependencies = (
			);
			name = LocalizeTesting;
			productName = LocalizeTesting;
			productReference = A4F6248318CB937300CA25FC /* LocalizeTesting.app */;
			productType = "com.apple.product-type.application";
		};
/* End PBXNativeTarget section */

/* Begin PBXProject section */
		A4F6247B18CB937300CA25FC /* Project object */ = {
			isa = PBXProject;
			attributes = {
				CLASSPREFIX = TWT;
				LastUpgradeCheck = 0510;
				ORGANIZATIONNAME = "Two Toasters, LLC";
			};
			buildConfigurationList = A4F6247E18CB937300CA25FC /* Build configuration list for PBXProject "LocalizeTesting" */;
			compatibilityVersion = "Xcode 3.2";
			developmentRegion = English;
			hasScannedForEncodings = 0;
			knownRegions = (
				en,
				Base,
			);
			mainGroup = A4F6247A18CB937300CA25FC;
			productRefGroup = A4F6248418CB937300CA25FC /* Products */;
			projectDirPath = "";
			projectRoot = "";
			targets = (
				A4F6248218CB937300CA25FC /* LocalizeTesting */,
			);
		};
/* End PBXProject section */

/* Begin PBXResourcesBuildPhase section */
		A4F6248118CB937300CA25FC /* Resources */ = {
			isa = PBXResourcesBuildPhase;
			buildActionMask = 2147483647;
			files = (
				A4F6249F18CB937300CA25FC /* Images.xcassets in Resources */,
				A440FD8718CB9425003EAF24 /* Localizable.strings in Resources */,
				A4F6249118CB937300CA25FC /* InfoPlist.strings in Resources */,
				A4F6249A18CB937300CA25FC /* Main.storyboard in Resources */,
				A40E43A218CBAE6300425BBA /* Localizable.stringsdict in Resources */,
			);
			runOnlyForDeploymentPostprocessing = 0;
		};
/* End PBXResourcesBuildPhase section */

/* Begin PBXSourcesBuildPhase section */
		A4F6247F18CB937300CA25FC /* Sources */ = {
			isa = PBXSourcesBuildPhase;
			buildActionMask = 2147483647;
			files = (
				A4F6249718CB937300CA25FC /* TWTAppDelegate.m in Sources */,
				A4F6249318CB937300CA25FC /* main.m in Sources */,
				A4F6249D18CB937300CA25FC /* TWTViewController.m in Sources */,
			);
			runOnlyForDeploymentPostprocessing = 0;
		};
/* End PBXSourcesBuildPhase section */

/* Begin PBXVariantGroup section */
		A40E43A418CBAE6300425BBA /* Localizable.stringsdict */ = {
			isa = PBXVariantGroup;
			children = (
				A40E43A318CBAE6300425BBA /* en */,
			);
			name = Localizable.stringsdict;
			sourceTree = "<group>";
		};
		A440FD8518CB9425003EAF24 /* Localizable.strings */ = {
			isa = PBXVariantGroup;
			children = (
				A440FD8618CB9425003EAF24 /* en */,
			);
			name = Localizable.strings;
			sourceTree = "<group>";
		};
		A4F6248F18CB937300CA25FC /* InfoPlist.strings */ = {
			isa = PBXVariantGroup;
			children = (
				A4F6249018CB937300CA25FC /* en */,
			);
			name = InfoPlist.strings;
			sourceTree = "<group>";
		};
		A4F6249818CB937300CA25FC /* Main.storyboard */ = {
			isa = PBXVariantGroup;
			children = (
				A4F6249918CB937300CA25FC /* Base */,
			);
			name = Main.storyboard;
			sourceTree = "<group>";
		};
/* End PBXVariantGroup section */

/* Begin XCBuildConfiguration section */
		A4F624B318CB937300CA25FC /* Debug */ = {
			isa = XCBuildConfiguration;
			buildSettings = {
				ALWAYS_SEARCH_USER_PATHS = NO;
				CLANG_CXX_LANGUAGE_STANDARD = "gnu++0x";
				CLANG_CXX_LIBRARY = "libc++";
				CLANG_ENABLE_MODULES = YES;
				CLANG_ENABLE_OBJC_ARC = YES;
				CLANG_WARN_BOOL_CONVERSION = YES;
				CLANG_WARN_CONSTANT_CONVERSION = YES;
				CLANG_WARN_DIRECT_OBJC_ISA_USAGE = YES_ERROR;
				CLANG_WARN_EMPTY_BODY = YES;
				CLANG_WARN_ENUM_CONVERSION = YES;
				CLANG_WARN_INT_CONVERSION = YES;
				CLANG_WARN_OBJC_ROOT_CLASS = YES_ERROR;
				CLANG_WARN__DUPLICATE_METHOD_MATCH = YES;
				"CODE_SIGN_IDENTITY[sdk=iphoneos*]" = "iPhone Developer";
				COPY_PHASE_STRIP = NO;
				GCC_C_LANGUAGE_STANDARD = gnu99;
				GCC_DYNAMIC_NO_PIC = NO;
				GCC_OPTIMIZATION_LEVEL = 0;
				GCC_PREPROCESSOR_DEFINITIONS = (
					"DEBUG=1",
					"$(inherited)",
				);
				GCC_SYMBOLS_PRIVATE_EXTERN = NO;
				GCC_WARN_64_TO_32_BIT_CONVERSION = YES;
				GCC_WARN_ABOUT_RETURN_TYPE = YES_ERROR;
				GCC_WARN_UNDECLARED_SELECTOR = YES;
				GCC_WARN_UNINITIALIZED_AUTOS = YES_AGGRESSIVE;
				GCC_WARN_UNUSED_FUNCTION = YES;
				GCC_WARN_UNUSED_VARIABLE = YES;
				IPHONEOS_DEPLOYMENT_TARGET = 6.0;
				ONLY_ACTIVE_ARCH = YES;
				SDKROOT = iphoneos;
			};
			name = Debug;
		};
		A4F624B418CB937300CA25FC /* Release */ = {
			isa = XCBuildConfiguration;
			buildSettings = {
				ALWAYS_SEARCH_USER_PATHS = NO;
				CLANG_CXX_LANGUAGE_STANDARD = "gnu++0x";
				CLANG_CXX_LIBRARY = "libc++";
				CLANG_ENABLE_MODULES = YES;
				CLANG_ENABLE_OBJC_ARC = YES;
				CLANG_WARN_BOOL_CONVERSION = YES;
				CLANG_WARN_CONSTANT_CONVERSION = YES;
				CLANG_WARN_DIRECT_OBJC_ISA_USAGE = YES_ERROR;
				CLANG_WARN_EMPTY_BODY = YES;
				CLANG_WARN_ENUM_CONVERSION = YES;
				CLANG_WARN_INT_CONVERSION = YES;
				CLANG_WARN_OBJC_ROOT_CLASS = YES_ERROR;
				CLANG_WARN__DUPLICATE_METHOD_MATCH = YES;
				"CODE_SIGN_IDENTITY[sdk=iphoneos*]" = "iPhone Developer";
				COPY_PHASE_STRIP = YES;
				ENABLE_NS_ASSERTIONS = NO;
				GCC_C_LANGUAGE_STANDARD = gnu99;
				GCC_WARN_64_TO_32_BIT_CONVERSION = YES;
				GCC_WARN_ABOUT_RETURN_TYPE = YES_ERROR;
				GCC_WARN_UNDECLARED_SELECTOR = YES;
				GCC_WARN_UNINITIALIZED_AUTOS = YES_AGGRESSIVE;
				GCC_WARN_UNUSED_FUNCTION = YES;
				GCC_WARN_UNUSED_VARIABLE = YES;
				IPHONEOS_DEPLOYMENT_TARGET = 6.0;
				SDKROOT = iphoneos;
				VALIDATE_PRODUCT = YES;
			};
			name = Release;
		};
		A4F624B618CB937300CA25FC /* Debug */ = {
			isa = XCBuildConfiguration;
			buildSettings = {
				ASSETCATALOG_COMPILER_APPICON_NAME = AppIcon;
				ASSETCATALOG_COMPILER_LAUNCHIMAGE_NAME = LaunchImage;
				GCC_PRECOMPILE_PREFIX_HEADER = YES;
				GCC_PREFIX_HEADER = "LocalizeTesting/LocalizeTesting-Prefix.pch";
				INFOPLIST_FILE = "LocalizeTesting/LocalizeTesting-Info.plist";
				PRODUCT_NAME = "$(TARGET_NAME)";
				WRAPPER_EXTENSION = app;
			};
			name = Debug;
		};
		A4F624B718CB937300CA25FC /* Release */ = {
			isa = XCBuildConfiguration;
			buildSettings = {
				ASSETCATALOG_COMPILER_APPICON_NAME = AppIcon;
				ASSETCATALOG_COMPILER_LAUNCHIMAGE_NAME = LaunchImage;
				GCC_PRECOMPILE_PREFIX_HEADER = YES;
				GCC_PREFIX_HEADER = "LocalizeTesting/LocalizeTesting-Prefix.pch";
				INFOPLIST_FILE = "LocalizeTesting/LocalizeTesting-Info.plist";
				PRODUCT_NAME = "$(TARGET_NAME)";
				WRAPPER_EXTENSION = app;
			};
			name = Release;
		};
/* End XCBuildConfiguration section */

/* Begin XCConfigurationList section */
		A4F6247E18CB937300CA25FC /* Build configuration list for PBXProject "LocalizeTesting" */ = {
			isa = XCConfigurationList;
			buildConfigurations = (
				A4F624B318CB937300CA25FC /* Debug */,
				A4F624B418CB937300CA25FC /* Release */,
			);
			defaultConfigurationIsVisible = 0;
			defaultConfigurationName = Release;
		};
		A4F624B518CB937300CA25FC /* Build configuration list for PBXNativeTarget "LocalizeTesting" */ = {
			isa = XCConfigurationList;
			buildConfigurations = (
				A4F624B618CB937300CA25FC /* Debug */,
				A4F624B718CB937300CA25FC /* Release */,
			);
			defaultConfigurationIsVisible = 0;
			defaultConfigurationName = Release;
		};
/* End XCConfigurationList section */
	};
	rootObject = A4F6247B18CB937300CA25FC /* Project object */;
}
